
Microsoft Visual Studio Solution File, Format Version 12.00
# Visual Studio Version 17
VisualStudioVersion = 17.9.34622.214
MinimumVisualStudioVersion = 10.0.40219.1
Project("{9A19103F-16F7-4668-BE54-9A1E7A4F7556}") = "BlazorWebAssembly", "BlazorWebAssembly\BlazorWebAssembly.csproj", "{E3972A03-17B4-46D2-9728-4C6802DA345E}"
EndProject
Project("{9A19103F-16F7-4668-BE54-9A1E7A4F7556}") = "BlazorServer", "BlazorServer\BlazorServer.csproj", "{B8F99992-5DA5-4B5C-A1A6-3B388E473897}"
EndProject
Project("{2150E333-8FDC-42A3-9474-1A3956D46DE8}") = "ModeloDeHospedagem", "ModeloDeHospedagem", "{81E624BA-C2A3-4288-A18A-1C06DC96A5E5}"
EndProject
Project("{2150E333-8FDC-42A3-9474-1A3956D46DE8}") = "ModeloUnificado", "ModeloUnificado", "{5FA199FD-E528-41DA-888F-16468A89F6EA}"
EndProject
Project("{9A19103F-16F7-4668-BE54-9A1E7A4F7556}") = "Blazor8", "Blazor8\Blazor8\Blazor8.csproj", "{7E754E80-8209-486F-B285-F89344398513}"
EndProject
Project("{9A19103F-16F7-4668-BE54-9A1E7A4F7556}") = "Blazor8.Client", "Blazor8\Blazor8.Client\Blazor8.Client.csproj", "{4F883BC1-1B53-47A8-86F9-4AFC69DA2E74}"
EndProject
Project("{2150E333-8FDC-42A3-9474-1A3956D46DE8}") = "ModeloUnificadoComIdentity", "ModeloUnificadoComIdentity", "{88E2798F-4F28-49E1-BF17-52D566B2F356}"
EndProject
Project("{9A19103F-16F7-4668-BE54-9A1E7A4F7556}") = "BlazorIdentity", "BlazorIdentity\BlazorIdentity\BlazorIdentity.csproj", "{FF473320-4FBC-4359-B33E-110186606D55}"
EndProject
Project("{9A19103F-16F7-4668-BE54-9A1E7A4F7556}") = "BlazorIdentity.Client", "BlazorIdentity\BlazorIdentity.Client\BlazorIdentity.Client.csproj", "{E4CD5876-41F5-4E96-A7AA-922BC83E8702}"
EndProject
Project("{2150E333-8FDC-42A3-9474-1A3956D46DE8}") = "Multiplataforma", "Multiplataforma", "{E82C3DFA-C759-4E3A-96F0-DE8451BF7845}"
EndProject
Project("{FAE04EC0-301F-11D3-BF4B-00C04F79EFBC}") = "BlazorWASM", "BlazorWASM\BlazorWASM.csproj", "{7604CCBD-83EF-4A89-9D32-E9AE8CABDBD3}"
EndProject
Project("{FAE04EC0-301F-11D3-BF4B-00C04F79EFBC}") = "BlazorMAUI", "BlazorMAUI\BlazorMAUI.csproj", "{3B048D78-D4E4-4E2C-A915-DE5A22127A68}"
EndProject
Project("{FAE04EC0-301F-11D3-BF4B-00C04F79EFBC}") = "BlazorLIB", "BlazorLIB\BlazorLIB.csproj", "{C162F5F9-7491-4171-B24F-AB465257A29A}"
EndProject
Project("{2150E333-8FDC-42A3-9474-1A3956D46DE8}") = "Estudo", "Estudo", "{3FEA04BA-8153-42DF-B999-6D8D88EC184D}"
EndProject
Project("{2150E333-8FDC-42A3-9474-1A3956D46DE8}") = "Projeto", "Projeto", "{C9E069B6-4A3D-470E-8811-6A0831FEED29}"
EndProject
Project("{9A19103F-16F7-4668-BE54-9A1E7A4F7556}") = "Gestao", "Gestao\Gestao\Gestao.csproj", "{B6718B48-64B2-4BEA-B607-7A0E14C8F3E2}"
EndProject
Project("{9A19103F-16F7-4668-BE54-9A1E7A4F7556}") = "Gestao.Client", "Gestao\Gestao.Client\Gestao.Client.csproj", "{DA1E5EA6-590E-4044-91C0-1AD4EF9A3414}"
EndProject
Project("{9A19103F-16F7-4668-BE54-9A1E7A4F7556}") = "Gestao.Domain", "Gestao.Domain\Gestao.Domain.csproj", "{C07D5AA4-5EDD-4046-B4C2-153146619036}"
EndProject
Project("{2150E333-8FDC-42A3-9474-1A3956D46DE8}") = "GerenciamentoDeEstado", "GerenciamentoDeEstado", "{864B8078-ED3B-4EEE-A434-7B4696C56785}"
EndProject
Project("{FAE04EC0-301F-11D3-BF4B-00C04F79EFBC}") = "StateManagement", "StateManagement\StateManagement.csproj", "{7D95960C-1742-48AE-82E7-C8141BDBC82C}"
EndProject
Global
	GlobalSection(SolutionConfigurationPlatforms) = preSolution
		Debug|Any CPU = Debug|Any CPU
		Release|Any CPU = Release|Any CPU
	EndGlobalSection
	GlobalSection(ProjectConfigurationPlatforms) = postSolution
		{E3972A03-17B4-46D2-9728-4C6802DA345E}.Debug|Any CPU.ActiveCfg = Debug|Any CPU
		{E3972A03-17B4-46D2-9728-4C6802DA345E}.Debug|Any CPU.Build.0 = Debug|Any CPU
		{E3972A03-17B4-46D2-9728-4C6802DA345E}.Release|Any CPU.ActiveCfg = Release|Any CPU
		{E3972A03-17B4-46D2-9728-4C6802DA345E}.Release|Any CPU.Build.0 = Release|Any CPU
		{B8F99992-5DA5-4B5C-A1A6-3B388E473897}.Debug|Any CPU.ActiveCfg = Debug|Any CPU
		{B8F99992-5DA5-4B5C-A1A6-3B388E473897}.Debug|Any CPU.Build.0 = Debug|Any CPU
		{B8F99992-5DA5-4B5C-A1A6-3B388E473897}.Release|Any CPU.ActiveCfg = Release|Any CPU
		{B8F99992-5DA5-4B5C-A1A6-3B388E473897}.Release|Any CPU.Build.0 = Release|Any CPU
		{7E754E80-8209-486F-B285-F89344398513}.Debug|Any CPU.ActiveCfg = Debug|Any CPU
		{7E754E80-8209-486F-B285-F89344398513}.Debug|Any CPU.Build.0 = Debug|Any CPU
		{7E754E80-8209-486F-B285-F89344398513}.Release|Any CPU.ActiveCfg = Release|Any CPU
		{7E754E80-8209-486F-B285-F89344398513}.Release|Any CPU.Build.0 = Release|Any CPU
		{4F883BC1-1B53-47A8-86F9-4AFC69DA2E74}.Debug|Any CPU.ActiveCfg = Debug|Any CPU
		{4F883BC1-1B53-47A8-86F9-4AFC69DA2E74}.Debug|Any CPU.Build.0 = Debug|Any CPU
		{4F883BC1-1B53-47A8-86F9-4AFC69DA2E74}.Release|Any CPU.ActiveCfg = Release|Any CPU
		{4F883BC1-1B53-47A8-86F9-4AFC69DA2E74}.Release|Any CPU.Build.0 = Release|Any CPU
		{FF473320-4FBC-4359-B33E-110186606D55}.Debug|Any CPU.ActiveCfg = Debug|Any CPU
		{FF473320-4FBC-4359-B33E-110186606D55}.Debug|Any CPU.Build.0 = Debug|Any CPU
		{FF473320-4FBC-4359-B33E-110186606D55}.Release|Any CPU.ActiveCfg = Release|Any CPU
		{FF473320-4FBC-4359-B33E-110186606D55}.Release|Any CPU.Build.0 = Release|Any CPU
		{E4CD5876-41F5-4E96-A7AA-922BC83E8702}.Debug|Any CPU.ActiveCfg = Debug|Any CPU
		{E4CD5876-41F5-4E96-A7AA-922BC83E8702}.Debug|Any CPU.Build.0 = Debug|Any CPU
		{E4CD5876-41F5-4E96-A7AA-922BC83E8702}.Release|Any CPU.ActiveCfg = Release|Any CPU
		{E4CD5876-41F5-4E96-A7AA-922BC83E8702}.Release|Any CPU.Build.0 = Release|Any CPU
		{7604CCBD-83EF-4A89-9D32-E9AE8CABDBD3}.Debug|Any CPU.ActiveCfg = Debug|Any CPU
		{7604CCBD-83EF-4A89-9D32-E9AE8CABDBD3}.Debug|Any CPU.Build.0 = Debug|Any CPU
		{7604CCBD-83EF-4A89-9D32-E9AE8CABDBD3}.Release|Any CPU.ActiveCfg = Release|Any CPU
		{7604CCBD-83EF-4A89-9D32-E9AE8CABDBD3}.Release|Any CPU.Build.0 = Release|Any CPU
		{3B048D78-D4E4-4E2C-A915-DE5A22127A68}.Debug|Any CPU.ActiveCfg = Debug|Any CPU
		{3B048D78-D4E4-4E2C-A915-DE5A22127A68}.Debug|Any CPU.Build.0 = Debug|Any CPU
		{3B048D78-D4E4-4E2C-A915-DE5A22127A68}.Debug|Any CPU.Deploy.0 = Debug|Any CPU
		{3B048D78-D4E4-4E2C-A915-DE5A22127A68}.Release|Any CPU.ActiveCfg = Release|Any CPU
		{3B048D78-D4E4-4E2C-A915-DE5A22127A68}.Release|Any CPU.Build.0 = Release|Any CPU
		{3B048D78-D4E4-4E2C-A915-DE5A22127A68}.Release|Any CPU.Deploy.0 = Release|Any CPU
		{C162F5F9-7491-4171-B24F-AB465257A29A}.Debug|Any CPU.ActiveCfg = Debug|Any CPU
		{C162F5F9-7491-4171-B24F-AB465257A29A}.Debug|Any CPU.Build.0 = Debug|Any CPU
		{C162F5F9-7491-4171-B24F-AB465257A29A}.Release|Any CPU.ActiveCfg = Release|Any CPU
		{C162F5F9-7491-4171-B24F-AB465257A29A}.Release|Any CPU.Build.0 = Release|Any CPU
		{B6718B48-64B2-4BEA-B607-7A0E14C8F3E2}.Debug|Any CPU.ActiveCfg = Debug|Any CPU
		{B6718B48-64B2-4BEA-B607-7A0E14C8F3E2}.Debug|Any CPU.Build.0 = Debug|Any CPU
		{B6718B48-64B2-4BEA-B607-7A0E14C8F3E2}.Release|Any CPU.ActiveCfg = Release|Any CPU
		{B6718B48-64B2-4BEA-B607-7A0E14C8F3E2}.Release|Any CPU.Build.0 = Release|Any CPU
		{DA1E5EA6-590E-4044-91C0-1AD4EF9A3414}.Debug|Any CPU.ActiveCfg = Debug|Any CPU
		{DA1E5EA6-590E-4044-91C0-1AD4EF9A3414}.Debug|Any CPU.Build.0 = Debug|Any CPU
		{DA1E5EA6-590E-4044-91C0-1AD4EF9A3414}.Release|Any CPU.ActiveCfg = Release|Any CPU
		{DA1E5EA6-590E-4044-91C0-1AD4EF9A3414}.Release|Any CPU.Build.0 = Release|Any CPU
		{C07D5AA4-5EDD-4046-B4C2-153146619036}.Debug|Any CPU.ActiveCfg = Debug|Any CPU
		{C07D5AA4-5EDD-4046-B4C2-153146619036}.Debug|Any CPU.Build.0 = Debug|Any CPU
		{C07D5AA4-5EDD-4046-B4C2-153146619036}.Release|Any CPU.ActiveCfg = Release|Any CPU
		{C07D5AA4-5EDD-4046-B4C2-153146619036}.Release|Any CPU.Build.0 = Release|Any CPU
		{7D95960C-1742-48AE-82E7-C8141BDBC82C}.Debug|Any CPU.ActiveCfg = Debug|Any CPU
		{7D95960C-1742-48AE-82E7-C8141BDBC82C}.Debug|Any CPU.Build.0 = Debug|Any CPU
		{7D95960C-1742-48AE-82E7-C8141BDBC82C}.Release|Any CPU.ActiveCfg = Release|Any CPU
		{7D95960C-1742-48AE-82E7-C8141BDBC82C}.Release|Any CPU.Build.0 = Release|Any CPU
	EndGlobalSection
	GlobalSection(SolutionProperties) = preSolution
		HideSolutionNode = FALSE
	EndGlobalSection
	GlobalSection(NestedProjects) = preSolution
		{E3972A03-17B4-46D2-9728-4C6802DA345E} = {81E624BA-C2A3-4288-A18A-1C06DC96A5E5}
		{B8F99992-5DA5-4B5C-A1A6-3B388E473897} = {81E624BA-C2A3-4288-A18A-1C06DC96A5E5}
		{81E624BA-C2A3-4288-A18A-1C06DC96A5E5} = {3FEA04BA-8153-42DF-B999-6D8D88EC184D}
		{5FA199FD-E528-41DA-888F-16468A89F6EA} = {3FEA04BA-8153-42DF-B999-6D8D88EC184D}
		{7E754E80-8209-486F-B285-F89344398513} = {5FA199FD-E528-41DA-888F-16468A89F6EA}
		{4F883BC1-1B53-47A8-86F9-4AFC69DA2E74} = {5FA199FD-E528-41DA-888F-16468A89F6EA}
		{88E2798F-4F28-49E1-BF17-52D566B2F356} = {3FEA04BA-8153-42DF-B999-6D8D88EC184D}
		{FF473320-4FBC-4359-B33E-110186606D55} = {88E2798F-4F28-49E1-BF17-52D566B2F356}
		{E4CD5876-41F5-4E96-A7AA-922BC83E8702} = {88E2798F-4F28-49E1-BF17-52D566B2F356}
		{E82C3DFA-C759-4E3A-96F0-DE8451BF7845} = {3FEA04BA-8153-42DF-B999-6D8D88EC184D}
		{7604CCBD-83EF-4A89-9D32-E9AE8CABDBD3} = {E82C3DFA-C759-4E3A-96F0-DE8451BF7845}
		{3B048D78-D4E4-4E2C-A915-DE5A22127A68} = {E82C3DFA-C759-4E3A-96F0-DE8451BF7845}
		{C162F5F9-7491-4171-B24F-AB465257A29A} = {E82C3DFA-C759-4E3A-96F0-DE8451BF7845}
		{B6718B48-64B2-4BEA-B607-7A0E14C8F3E2} = {C9E069B6-4A3D-470E-8811-6A0831FEED29}
		{DA1E5EA6-590E-4044-91C0-1AD4EF9A3414} = {C9E069B6-4A3D-470E-8811-6A0831FEED29}
		{C07D5AA4-5EDD-4046-B4C2-153146619036} = {C9E069B6-4A3D-470E-8811-6A0831FEED29}
		{864B8078-ED3B-4EEE-A434-7B4696C56785} = {3FEA04BA-8153-42DF-B999-6D8D88EC184D}
		{7D95960C-1742-48AE-82E7-C8141BDBC82C} = {864B8078-ED3B-4EEE-A434-7B4696C56785}
	EndGlobalSection
	GlobalSection(ExtensibilityGlobals) = postSolution
		SolutionGuid = {04E8EE35-013A-48C6-A28D-04D7B44F0D85}
	EndGlobalSection
EndGlobal
